// !$*UTF8*$!
{
	archiveVersion = 1;
	classes = {
	};
	objectVersion = 46;
	objects = {

/* Begin PBXBuildFile section */
		C488737B1AEB84EA006C486D /* main.m in Sources */ = {isa = PBXBuildFile; fileRef = C488737A1AEB84EA006C486D /* main.m */; };
		C488737E1AEB84EA006C486D /* AppDelegate.m in Sources */ = {isa = PBXBuildFile; fileRef = C488737D1AEB84EA006C486D /* AppDelegate.m */; };
		C48873811AEB84EA006C486D /* ViewController.m in Sources */ = {isa = PBXBuildFile; fileRef = C48873801AEB84EA006C486D /* ViewController.m */; };
		C48873841AEB84EA006C486D /* Main.storyboard in Resources */ = {isa = PBXBuildFile; fileRef = C48873821AEB84EA006C486D /* Main.storyboard */; };
		C48873861AEB84EA006C486D /* Images.xcassets in Resources */ = {isa = PBXBuildFile; fileRef = C48873851AEB84EA006C486D /* Images.xcassets */; };
		C48873891AEB84EA006C486D /* LaunchScreen.xib in Resources */ = {isa = PBXBuildFile; fileRef = C48873871AEB84EA006C486D /* LaunchScreen.xib */; };
		C48873951AEB84EB006C486D /* DiceRollTests.m in Sources */ = {isa = PBXBuildFile; fileRef = C48873941AEB84EB006C486D /* DiceRollTests.m */; };
/* End PBXBuildFile section */

/* Begin PBXContainerItemProxy section */
		C488738F1AEB84EB006C486D /* PBXContainerItemProxy */ = {
			isa = PBXContainerItemProxy;
			containerPortal = C488736D1AEB84EA006C486D /* Project object */;
			proxyType = 1;
			remoteGlobalIDString = C48873741AEB84EA006C486D;
			remoteInfo = DiceRoll;
		};
/* End PBXContainerItemProxy section */

/* Begin PBXFileReference section */
		C48873751AEB84EA006C486D /* DiceRoll.app */ = {isa = PBXFileReference; explicitFileType = wrapper.application; includeInIndex = 0; path = DiceRoll.app; sourceTree = BUILT_PRODUCTS_DIR; };
		C48873791AEB84EA006C486D /* Info.plist */ = {isa = PBXFileReference; lastKnownFileType = text.plist.xml; path = Info.plist; sourceTree = "<group>"; };
		C488737A1AEB84EA006C486D /* main.m */ = {isa = PBXFileReference; lastKnownFileType = sourcecode.c.objc; path = main.m; sourceTree = "<group>"; };
		C488737C1AEB84EA006C486D /* AppDelegate.h */ = {isa = PBXFileReference; lastKnownFileType = sourcecode.c.h; path = AppDelegate.h; sourceTree = "<group>"; };
		C488737D1AEB84EA006C486D /* AppDelegate.m */ = {isa = PBXFileReference; lastKnownFileType = sourcecode.c.objc; path = AppDelegate.m; sourceTree = "<group>"; };
		C488737F1AEB84EA006C486D /* ViewController.h */ = {isa = PBXFileReference; lastKnownFileType = sourcecode.c.h; path = ViewController.h; sourceTree = "<group>"; };
		C48873801AEB84EA006C486D /* ViewController.m */ = {isa = PBXFileReference; lastKnownFileType = sourcecode.c.objc; path = ViewController.m; sourceTree = "<group>"; };
		C48873831AEB84EA006C486D /* Base */ = {isa = PBXFileReference; lastKnownFileType = file.storyboard; name = Base; path = Base.lproj/Main.storyboard; sourceTree = "<group>"; };
		C48873851AEB84EA006C486D /* Images.xcassets */ = {isa = PBXFileReference; lastKnownFileType = folder.assetcatalog; path = Images.xcassets; sourceTree = "<group>"; };
		C48873881AEB84EA006C486D /* Base */ = {isa = PBXFileReference; lastKnownFileType = file.xib; name = Base; path = Base.lproj/LaunchScreen.xib; sourceTree = "<group>"; };
		C488738E1AEB84EB006C486D /* DiceRollTests.xctest */ = {isa = PBXFileReference; explicitFileType = wrapper.cfbundle; includeInIndex = 0; path = DiceRollTests.xctest; sourceTree = BUILT_PRODUCTS_DIR; };
		C48873931AEB84EB006C486D /* Info.plist */ = {isa = PBXFileReference; lastKnownFileType = text.plist.xml; path = Info.plist; sourceTree = "<group>"; };
		C48873941AEB84EB006C486D /* DiceRollTests.m */ = {isa = PBXFileReference; lastKnownFileType = sourcecode.c.objc; path = DiceRollTests.m; sourceTree = "<group>"; };
/* End PBXFileReference section */

/* Begin PBXFrameworksBuildPhase section */
		C48873721AEB84EA006C486D /* Frameworks */ = {
			isa = PBXFrameworksBuildPhase;
			buildActionMask = 2147483647;
			files = (
			);
			runOnlyForDeploymentPostprocessing = 0;
		};
		C488738B1AEB84EB006C486D /* Frameworks */ = {
			isa = PBXFrameworksBuildPhase;
			buildActionMask = 2147483647;
			files = (
			);
			runOnlyForDeploymentPostprocessing = 0;
		};
/* End PBXFrameworksBuildPhase section */

/* Begin PBXGroup section */
		C488736C1AEB84EA006C486D = {
			isa = PBXGroup;
			children = (
				C48873771AEB84EA006C486D /* DiceRoll */,
				C48873911AEB84EB006C486D /* DiceRollTests */,
				C48873761AEB84EA006C486D /* Products */,
			);
			sourceTree = "<group>";
		};
		C48873761AEB84EA006C486D /* Products */ = {
			isa = PBXGroup;
			children = (
				C48873751AEB84EA006C486D /* DiceRoll.app */,
				C488738E1AEB84EB006C486D /* DiceRollTests.xctest */,
			);
			name = Products;
			sourceTree = "<group>";
		};
		C48873771AEB84EA006C486D /* DiceRoll */ = {
			isa = PBXGroup;
			children = (
				C488737C1AEB84EA006C486D /* AppDelegate.h */,
				C488737D1AEB84EA006C486D /* AppDelegate.m */,
				C488737F1AEB84EA006C486D /* ViewController.h */,
				C48873801AEB84EA006C486D /* ViewController.m */,
				C48873821AEB84EA006C486D /* Main.storyboard */,
				C48873851AEB84EA006C486D /* Images.xcassets */,
				C48873871AEB84EA006C486D /* LaunchScreen.xib */,
				C48873781AEB84EA006C486D /* Supporting Files */,
			);
			path = DiceRoll;
			sourceTree = "<group>";
		};
		C48873781AEB84EA006C486D /* Supporting Files */ = {
			isa = PBXGroup;
			children = (
				C48873791AEB84EA006C486D /* Info.plist */,
				C488737A1AEB84EA006C486D /* main.m */,
			);
			name = "Supporting Files";
			sourceTree = "<group>";
		};
		C48873911AEB84EB006C486D /* DiceRollTests */ = {
			isa = PBXGroup;
			children = (
				C48873941AEB84EB006C486D /* DiceRollTests.m */,
				C48873921AEB84EB006C486D /* Supporting Files */,
			);
			path = DiceRollTests;
			sourceTree = "<group>";
		};
		C48873921AEB84EB006C486D /* Supporting Files */ = {
			isa = PBXGroup;
			children = (
				C48873931AEB84EB006C486D /* Info.plist */,
			);
			name = "Supporting Files";
			sourceTree = "<group>";
		};
/* End PBXGroup section */

/* Begin PBXNativeTarget section */
		C48873741AEB84EA006C486D /* DiceRoll */ = {
			isa = PBXNativeTarget;
			buildConfigurationList = C48873981AEB84EB006C486D /* Build configuration list for PBXNativeTarget "DiceRoll" */;
			buildPhases = (
				C48873711AEB84EA006C486D /* Sources */,
				C48873721AEB84EA006C486D /* Frameworks */,
				C48873731AEB84EA006C486D /* Resources */,
			);
			buildRules = (
			);
			dependencies = (
			);
			name = DiceRoll;
			productName = DiceRoll;
			productReference = C48873751AEB84EA006C486D /* DiceRoll.app */;
			productType = "com.apple.product-type.application";
		};
		C488738D1AEB84EB006C486D /* DiceRollTests */ = {
			isa = PBXNativeTarget;
			buildConfigurationList = C488739B1AEB84EB006C486D /* Build configuration list for PBXNativeTarget "DiceRollTests" */;
			buildPhases = (
				C488738A1AEB84EB006C486D /* Sources */,
				C488738B1AEB84EB006C486D /* Frameworks */,
				C488738C1AEB84EB006C486D /* Resources */,
			);
			buildRules = (
			);
			dependencies = (
				C48873901AEB84EB006C486D /* PBXTargetDependency */,
			);
			name = DiceRollTests;
			productName = DiceRollTests;
			productReference = C488738E1AEB84EB006C486D /* DiceRollTests.xctest */;
			productType = "com.apple.product-type.bundle.unit-test";
		};
/* End PBXNativeTarget section */

/* Begin PBXProject section */
		C488736D1AEB84EA006C486D /* Project object */ = {
			isa = PBXProject;
			attributes = {
				LastUpgradeCheck = 0630;
				ORGANIZATIONNAME = "Vimzy App Productions Inc.";
				TargetAttributes = {
					C48873741AEB84EA006C486D = {
						CreatedOnToolsVersion = 6.3;
					};
					C488738D1AEB84EB006C486D = {
						CreatedOnToolsVersion = 6.3;
						TestTargetID = C48873741AEB84EA006C486D;
					};
				};
			};
			buildConfigurationList = C48873701AEB84EA006C486D /* Build configuration list for PBXProject "DiceRoll" */;
			compatibilityVersion = "Xcode 3.2";
			developmentRegion = English;
			hasScannedForEncodings = 0;
			knownRegions = (
				en,
				Base,
			);
			mainGroup = C488736C1AEB84EA006C486D;
			productRefGroup = C48873761AEB84EA006C486D /* Products */;
			projectDirPath = "";
			projectRoot = "";
			targets = (
				C48873741AEB84EA006C486D /* DiceRoll */,
				C488738D1AEB84EB006C486D /* DiceRollTests */,
			);
		};
/* End PBXProject section */

/* Begin PBXResourcesBuildPhase section */
		C48873731AEB84EA006C486D /* Resources */ = {
			isa = PBXResourcesBuildPhase;
			buildActionMask = 2147483647;
			files = (
				C48873841AEB84EA006C486D /* Main.storyboard in Resources */,
				C48873891AEB84EA006C486D /* LaunchScreen.xib in Resources */,
				C48873861AEB84EA006C486D /* Images.xcassets in Resources */,
			);
			runOnlyForDeploymentPostprocessing = 0;
		};
		C488738C1AEB84EB006C486D /* Resources */ = {
			isa = PBXResourcesBuildPhase;
			buildActionMask = 2147483647;
			files = (
			);
			runOnlyForDeploymentPostprocessing = 0;
		};
/* End PBXResourcesBuildPhase section */

/* Begin PBXSourcesBuildPhase section */
		C48873711AEB84EA006C486D /* Sources */ = {
			isa = PBXSourcesBuildPhase;
			buildActionMask = 2147483647;
			files = (
				C48873811AEB84EA006C486D /* ViewController.m in Sources */,
				C488737E1AEB84EA006C486D /* AppDelegate.m in Sources */,
				C488737B1AEB84EA006C486D /* main.m in Sources */,
			);
			runOnlyForDeploymentPostprocessing = 0;
		};
		C488738A1AEB84EB006C486D /* Sources */ = {
			isa = PBXSourcesBuildPhase;
			buildActionMask = 2147483647;
			files = (
				C48873951AEB84EB006C486D /* DiceRollTests.m in Sources */,
			);
			runOnlyForDeploymentPostprocessing = 0;
		};
/* End PBXSourcesBuildPhase section */

/* Begin PBXTargetDependency section */
		C48873901AEB84EB006C486D /* PBXTargetDependency */ = {
			isa = PBXTargetDependency;
			target = C48873741AEB84EA006C486D /* DiceRoll */;
			targetProxy = C488738F1AEB84EB006C486D /* PBXContainerItemProxy */;
		};
/* End PBXTargetDependency section */

/* Begin PBXVariantGroup section */
		C48873821AEB84EA006C486D /* Main.storyboard */ = {
			isa = PBXVariantGroup;
			children = (
				C48873831AEB84EA006C486D /* Base */,
			);
			name = Main.storyboard;
			sourceTree = "<group>";
		};
		C48873871AEB84EA006C486D /* LaunchScreen.xib */ = {
			isa = PBXVariantGroup;
			children = (
				C48873881AEB84EA006C486D /* Base */,
			);
			name = LaunchScreen.xib;
			sourceTree = "<group>";
		};
/* End PBXVariantGroup section */

/* Begin XCBuildConfiguration section */
		C48873961AEB84EB006C486D /* Debug */ = {
			isa = XCBuildConfiguration;
			buildSettings = {
				ALWAYS_SEARCH_USER_PATHS = NO;
				CLANG_CXX_LANGUAGE_STANDARD = "gnu++0x";
				CLANG_CXX_LIBRARY = "libc++";
				CLANG_ENABLE_MODULES = YES;
				CLANG_ENABLE_OBJC_ARC = YES;
				CLANG_WARN_BOOL_CONVERSION = YES;
				CLANG_WARN_CONSTANT_CONVERSION = YES;
				CLANG_WARN_DIRECT_OBJC_ISA_USAGE = YES_ERROR;
				CLANG_WARN_EMPTY_BODY = YES;
				CLANG_WARN_ENUM_CONVERSION = YES;
				CLANG_WARN_INT_CONVERSION = YES;
				CLANG_WARN_OBJC_ROOT_CLASS = YES_ERROR;
				CLANG_WARN_UNREACHABLE_CODE = YES;
				CLANG_WARN__DUPLICATE_METHOD_MATCH = YES;
				"CODE_SIGN_IDENTITY[sdk=iphoneos*]" = "iPhone Developer";
				COPY_PHASE_STRIP = NO;
				DEBUG_INFORMATION_FORMAT = "dwarf-with-dsym";
				ENABLE_STRICT_OBJC_MSGSEND = YES;
				GCC_C_LANGUAGE_STANDARD = gnu99;
				GCC_DYNAMIC_NO_PIC = NO;
				GCC_NO_COMMON_BLOCKS = YES;
				GCC_OPTIMIZATION_LEVEL = 0;
				GCC_PREPROCESSOR_DEFINITIONS = (
					"DEBUG=1",
					"$(inherited)",
				);
				GCC_SYMBOLS_PRIVATE_EXTERN = NO;
				GCC_WARN_64_TO_32_BIT_CONVERSION = YES;
				GCC_WARN_ABOUT_RETURN_TYPE = YES_ERROR;
				GCC_WARN_UNDECLARED_SELECTOR = YES;
				GCC_WARN_UNINITIALIZED_AUTOS = YES_AGGRESSIVE;
				GCC_WARN_UNUSED_FUNCTION = YES;
				GCC_WARN_UNUSED_VARIABLE = YES;
				IPHONEOS_DEPLOYMENT_TARGET = 8.3;
				MTL_ENABLE_DEBUG_INFO = YES;
				ONLY_ACTIVE_ARCH = YES;
				SDKROOT = iphoneos;
			};
			name = Debug;
		};
		C48873971AEB84EB006C486D /* Release */ = {
			isa = XCBuildConfiguration;
			buildSettings = {
				ALWAYS_SEARCH_USER_PATHS = NO;
				CLANG_CXX_LANGUAGE_STANDARD = "gnu++0x";
				CLANG_CXX_LIBRARY = "libc++";
				CLANG_ENABLE_MODULES = YES;
				CLANG_ENABLE_OBJC_ARC = YES;
				CLANG_WARN_BOOL_CONVERSION = YES;
				CLANG_WARN_CONSTANT_CONVERSION = YES;
				CLANG_WARN_DIRECT_OBJC_ISA_USAGE = YES_ERROR;
				CLANG_WARN_EMPTY_BODY = YES;
				CLANG_WARN_ENUM_CONVERSION = YES;
				CLANG_WARN_INT_CONVERSION = YES;
				CLANG_WARN_OBJC_ROOT_CLASS = YES_ERROR;
				CLANG_WARN_UNREACHABLE_CODE = YES;
				CLANG_WARN__DUPLICATE_METHOD_MATCH = YES;
				"CODE_SIGN_IDENTITY[sdk=iphoneos*]" = "iPhone Developer";
				COPY_PHASE_STRIP = NO;
				DEBUG_INFORMATION_FORMAT = "dwarf-with-dsym";
				ENABLE_NS_ASSERTIONS = NO;
				ENABLE_STRICT_OBJC_MSGSEND = YES;
				GCC_C_LANGUAGE_STANDARD = gnu99;
				GCC_NO_COMMON_BLOCKS = YES;
				GCC_WARN_64_TO_32_BIT_CONVERSION = YES;
				GCC_WARN_ABOUT_RETURN_TYPE = YES_ERROR;
				GCC_WARN_UNDECLARED_SELECTOR = YES;
				GCC_WARN_UNINITIALIZED_AUTOS = YES_AGGRESSIVE;
				GCC_WARN_UNUSED_FUNCTION = YES;
				GCC_WARN_UNUSED_VARIABLE = YES;
				IPHONEOS_DEPLOYMENT_TARGET = 8.3;
				MTL_ENABLE_DEBUG_INFO = NO;
				SDKROOT = iphoneos;
				VALIDATE_PRODUCT = YES;
			};
			name = Release;
		};
		C48873991AEB84EB006C486D /* Debug */ = {
			isa = XCBuildConfiguration;
			buildSettings = {
				ASSETCATALOG_COMPILER_APPICON_NAME = AppIcon;
				INFOPLIST_FILE = DiceRoll/Info.plist;
				LD_RUNPATH_SEARCH_PATHS = "$(inherited) @executable_path/Frameworks";
				PRODUCT_NAME = "$(TARGET_NAME)";
			};
			name = Debug;
		};
		C488739A1AEB84EB006C486D /* Release */ = {
			isa = XCBuildConfiguration;
			buildSettings = {
				ASSETCATALOG_COMPILER_APPICON_NAME = AppIcon;
				INFOPLIST_FILE = DiceRoll/Info.plist;
				LD_RUNPATH_SEARCH_PATHS = "$(inherited) @executable_path/Frameworks";
				PRODUCT_NAME = "$(TARGET_NAME)";
			};
			name = Release;
		};
		C488739C1AEB84EB006C486D /* Debug */ = {
			isa = XCBuildConfiguration;
			buildSettings = {
				BUNDLE_LOADER = "$(TEST_HOST)";
				FRAMEWORK_SEARCH_PATHS = (
					"$(SDKROOT)/Developer/Library/Frameworks",
					"$(inherited)",
				);
				GCC_PREPROCESSOR_DEFINITIONS = (
					"DEBUG=1",
					"$(inherited)",
				);
				INFOPLIST_FILE = DiceRollTests/Info.plist;
				LD_RUNPATH_SEARCH_PATHS = "$(inherited) @executable_path/Frameworks @loader_path/Frameworks";
				PRODUCT_NAME = "$(TARGET_NAME)";
				TEST_HOST = "$(BUILT_PRODUCTS_DIR)/DiceRoll.app/DiceRoll";
			};
			name = Debug;
		};
		C488739D1AEB84EB006C486D /* Release */ = {
			isa = XCBuildConfiguration;
			buildSettings = {
				BUNDLE_LOADER = "$(TEST_HOST)";
				FRAMEWORK_SEARCH_PATHS = (
					"$(SDKROOT)/Developer/Library/Frameworks",
					"$(inherited)",
				);
				INFOPLIST_FILE = DiceRollTests/Info.plist;
				LD_RUNPATH_SEARCH_PATHS = "$(inherited) @executable_path/Frameworks @loader_path/Frameworks";
				PRODUCT_NAME = "$(TARGET_NAME)";
				TEST_HOST = "$(BUILT_PRODUCTS_DIR)/DiceRoll.app/DiceRoll";
			};
			name = Release;
		};
/* End XCBuildConfiguration section */

/* Begin XCConfigurationList section */
		C48873701AEB84EA006C486D /* Build configuration list for PBXProject "DiceRoll" */ = {
			isa = XCConfigurationList;
			buildConfigurations = (
				C48873961AEB84EB006C486D /* Debug */,
				C48873971AEB84EB006C486D /* Release */,
			);
			defaultConfigurationIsVisible = 0;
			defaultConfigurationName = Release;
		};
		C48873981AEB84EB006C486D /* Build configuration list for PBXNativeTarget "DiceRoll" */ = {
			isa = XCConfigurationList;
			buildConfigurations = (
				C48873991AEB84EB006C486D /* Debug */,
				C488739A1AEB84EB006C486D /* Release */,
			);
			defaultConfigurationIsVisible = 0;
			defaultConfigurationName = Release;
		};
		C488739B1AEB84EB006C486D /* Build configuration list for PBXNativeTarget "DiceRollTests" */ = {
			isa = XCConfigurationList;
			buildConfigurations = (
				C488739C1AEB84EB006C486D /* Debug */,
				C488739D1AEB84EB006C486D /* Release */,
			);
			defaultConfigurationIsVisible = 0;
			defaultConfigurationName = Release;
		};
/* End XCConfigurationList section */
	};
	rootObject = C488736D1AEB84EA006C486D /* Project object */;
}
